
Microsoft Visual Studio Solution File, Format Version 12.00
# Visual Studio Version 17
VisualStudioVersion = 17.0.32112.339
MinimumVisualStudioVersion = 10.0.40219.1
Project("{FAE04EC0-301F-11D3-BF4B-00C04F79EFBC}") = "DotnetApiDemo", "DotnetApiDemo\DotnetApiDemo.csproj", "{163E3EBD-6A6D-4E06-9407-48E857D8757A}"
EndProject
Global
	GlobalSection(SolutionConfigurationPlatforms) = preSolution
		Debug|Any CPU = Debug|Any CPU
		Release|Any CPU = Release|Any CPU
	EndGlobalSection
	GlobalSection(ProjectConfigurationPlatforms) = postSolution
		{163E3EBD-6A6D-4E06-9407-48E857D8757A}.Debug|Any CPU.ActiveCfg = Debug|Any CPU
		{163E3EBD-6A6D-4E06-9407-48E857D8757A}.Debug|Any CPU.Build.0 = Debug|Any CPU
		{163E3EBD-6A6D-4E06-9407-48E857D8757A}.Release|Any CPU.ActiveCfg = Release|Any CPU
		{163E3EBD-6A6D-4E06-9407-48E857D8757A}.Release|Any CPU.Build.0 = Release|Any CPU
	EndGlobalSection
	GlobalSection(SolutionProperties) = preSolution
		HideSolutionNode = FALSE
	EndGlobalSection
	GlobalSection(ExtensibilityGlobals) = postSolution
		SolutionGuid = {6309C341-4611-45F2-A780-00D140E1AC3B}
	EndGlobalSection
EndGlobal
